
Microsoft Visual Studio Solution File, Format Version 12.00
# Visual Studio Version 16
VisualStudioVersion = 16.0.30320.27
MinimumVisualStudioVersion = 10.0.40219.1
Project("{FAE04EC0-301F-11D3-BF4B-00C04F79EFBC}") = "LearningXamarin.Android", "LearningXamarin\LearningXamarin.Android\LearningXamarin.Android.csproj", "{F169CA2E-0C03-4AF5-B3BE-82D60A575418}"
EndProject
Project("{FAE04EC0-301F-11D3-BF4B-00C04F79EFBC}") = "LearningXamarin.iOS", "LearningXamarin\LearningXamarin.iOS\LearningXamarin.iOS.csproj", "{F5673D77-AEF7-4579-9FBB-85723115E658}"
EndProject
Project("{9A19103F-16F7-4668-BE54-9A1E7A4F7556}") = "LearningXamarin", "LearningXamarin\LearningXamarin\LearningXamarin.csproj", "{47E5E56F-2B25-4D4F-9F71-95596CB70EBC}"
EndProject
Global
	GlobalSection(SolutionConfigurationPlatforms) = preSolution
		Debug|Any CPU = Debug|Any CPU
		Debug|iPhone = Debug|iPhone
		Debug|iPhoneSimulator = Debug|iPhoneSimulator
		Release|Any CPU = Release|Any CPU
		Release|iPhone = Release|iPhone
		Release|iPhoneSimulator = Release|iPhoneSimulator
	EndGlobalSection
	GlobalSection(ProjectConfigurationPlatforms) = postSolution
		{F169CA2E-0C03-4AF5-B3BE-82D60A575418}.Debug|Any CPU.ActiveCfg = Debug|Any CPU
		{F169CA2E-0C03-4AF5-B3BE-82D60A575418}.Debug|Any CPU.Build.0 = Debug|Any CPU
		{F169CA2E-0C03-4AF5-B3BE-82D60A575418}.Debug|Any CPU.Deploy.0 = Debug|Any CPU
		{F169CA2E-0C03-4AF5-B3BE-82D60A575418}.Debug|iPhone.ActiveCfg = Debug|Any CPU
		{F169CA2E-0C03-4AF5-B3BE-82D60A575418}.Debug|iPhone.Build.0 = Debug|Any CPU
		{F169CA2E-0C03-4AF5-B3BE-82D60A575418}.Debug|iPhone.Deploy.0 = Debug|Any CPU
		{F169CA2E-0C03-4AF5-B3BE-82D60A575418}.Debug|iPhoneSimulator.ActiveCfg = Debug|Any CPU
		{F169CA2E-0C03-4AF5-B3BE-82D60A575418}.Debug|iPhoneSimulator.Build.0 = Debug|Any CPU
		{F169CA2E-0C03-4AF5-B3BE-82D60A575418}.Debug|iPhoneSimulator.Deploy.0 = Debug|Any CPU
		{F169CA2E-0C03-4AF5-B3BE-82D60A575418}.Release|Any CPU.ActiveCfg = Release|Any CPU
		{F169CA2E-0C03-4AF5-B3BE-82D60A575418}.Release|Any CPU.Build.0 = Release|Any CPU
		{F169CA2E-0C03-4AF5-B3BE-82D60A575418}.Release|Any CPU.Deploy.0 = Release|Any CPU
		{F169CA2E-0C03-4AF5-B3BE-82D60A575418}.Release|iPhone.ActiveCfg = Release|Any CPU
		{F169CA2E-0C03-4AF5-B3BE-82D60A575418}.Release|iPhone.Build.0 = Release|Any CPU
		{F169CA2E-0C03-4AF5-B3BE-82D60A575418}.Release|iPhone.Deploy.0 = Release|Any CPU
		{F169CA2E-0C03-4AF5-B3BE-82D60A575418}.Release|iPhoneSimulator.ActiveCfg = Release|Any CPU
		{F169CA2E-0C03-4AF5-B3BE-82D60A575418}.Release|iPhoneSimulator.Build.0 = Release|Any CPU
		{F169CA2E-0C03-4AF5-B3BE-82D60A575418}.Release|iPhoneSimulator.Deploy.0 = Release|Any CPU
		{F5673D77-AEF7-4579-9FBB-85723115E658}.Debug|Any CPU.ActiveCfg = Debug|iPhone
		{F5673D77-AEF7-4579-9FBB-85723115E658}.Debug|iPhone.ActiveCfg = Debug|iPhone
		{F5673D77-AEF7-4579-9FBB-85723115E658}.Debug|iPhone.Build.0 = Debug|iPhone
		{F5673D77-AEF7-4579-9FBB-85723115E658}.Debug|iPhone.Deploy.0 = Debug|iPhone
		{F5673D77-AEF7-4579-9FBB-85723115E658}.Debug|iPhoneSimulator.ActiveCfg = Debug|iPhoneSimulator
		{F5673D77-AEF7-4579-9FBB-85723115E658}.Debug|iPhoneSimulator.Build.0 = Debug|iPhoneSimulator
		{F5673D77-AEF7-4579-9FBB-85723115E658}.Debug|iPhoneSimulator.Deploy.0 = Debug|iPhoneSimulator
		{F5673D77-AEF7-4579-9FBB-85723115E658}.Release|Any CPU.ActiveCfg = Release|iPhone
		{F5673D77-AEF7-4579-9FBB-85723115E658}.Release|iPhone.ActiveCfg = Release|iPhone
		{F5673D77-AEF7-4579-9FBB-85723115E658}.Release|iPhone.Build.0 = Release|iPhone
		{F5673D77-AEF7-4579-9FBB-85723115E658}.Release|iPhone.Deploy.0 = Release|iPhone
		{F5673D77-AEF7-4579-9FBB-85723115E658}.Release|iPhoneSimulator.ActiveCfg = Release|iPhoneSimulator
		{F5673D77-AEF7-4579-9FBB-85723115E658}.Release|iPhoneSimulator.Build.0 = Release|iPhoneSimulator
		{F5673D77-AEF7-4579-9FBB-85723115E658}.Release|iPhoneSimulator.Deploy.0 = Release|iPhoneSimulator
		{47E5E56F-2B25-4D4F-9F71-95596CB70EBC}.Debug|Any CPU.ActiveCfg = Debug|Any CPU
		{47E5E56F-2B25-4D4F-9F71-95596CB70EBC}.Debug|Any CPU.Build.0 = Debug|Any CPU
		{47E5E56F-2B25-4D4F-9F71-95596CB70EBC}.Debug|Any CPU.Deploy.0 = Debug|Any CPU
		{47E5E56F-2B25-4D4F-9F71-95596CB70EBC}.Debug|iPhone.ActiveCfg = Debug|Any CPU
		{47E5E56F-2B25-4D4F-9F71-95596CB70EBC}.Debug|iPhone.Build.0 = Debug|Any CPU
		{47E5E56F-2B25-4D4F-9F71-95596CB70EBC}.Debug|iPhone.Deploy.0 = Debug|Any CPU
		{47E5E56F-2B25-4D4F-9F71-95596CB70EBC}.Debug|iPhoneSimulator.ActiveCfg = Debug|Any CPU
		{47E5E56F-2B25-4D4F-9F71-95596CB70EBC}.Debug|iPhoneSimulator.Build.0 = Debug|Any CPU
		{47E5E56F-2B25-4D4F-9F71-95596CB70EBC}.Debug|iPhoneSimulator.Deploy.0 = Debug|Any CPU
		{47E5E56F-2B25-4D4F-9F71-95596CB70EBC}.Release|Any CPU.ActiveCfg = Release|Any CPU
		{47E5E56F-2B25-4D4F-9F71-95596CB70EBC}.Release|Any CPU.Build.0 = Release|Any CPU
		{47E5E56F-2B25-4D4F-9F71-95596CB70EBC}.Release|Any CPU.Deploy.0 = Release|Any CPU
		{47E5E56F-2B25-4D4F-9F71-95596CB70EBC}.Release|iPhone.ActiveCfg = Release|Any CPU
		{47E5E56F-2B25-4D4F-9F71-95596CB70EBC}.Release|iPhone.Build.0 = Release|Any CPU
		{47E5E56F-2B25-4D4F-9F71-95596CB70EBC}.Release|iPhone.Deploy.0 = Release|Any CPU
		{47E5E56F-2B25-4D4F-9F71-95596CB70EBC}.Release|iPhoneSimulator.ActiveCfg = Release|Any CPU
		{47E5E56F-2B25-4D4F-9F71-95596CB70EBC}.Release|iPhoneSimulator.Build.0 = Release|Any CPU
		{47E5E56F-2B25-4D4F-9F71-95596CB70EBC}.Release|iPhoneSimulator.Deploy.0 = Release|Any CPU
	EndGlobalSection
	GlobalSection(SolutionProperties) = preSolution
		HideSolutionNode = FALSE
	EndGlobalSection
	GlobalSection(ExtensibilityGlobals) = postSolution
		SolutionGuid = {0BE03D75-8F09-40E8-A656-704863AACFCE}
	EndGlobalSection
EndGlobal
